<?xml version="1.0" encoding="utf-8"?>
<Project ToolsVersion="4.0" xmlns="http://schemas.microsoft.com/developer/msbuild/2003">
  <ItemGroup>
    <Filter Include="Source Files">
      <UniqueIdentifier>{4FC737F1-C7A5-4376-A066-2A32D752A2FF}</UniqueIdentifier>
      <Extensions>cpp;c;cc;cxx;def;odl;idl;hpj;bat;asm;asmx</Extensions>
    </Filter>
    <Filter Include="Header Files">
      <UniqueIdentifier>{93995380-89BD-4b04-88EB-625FBE52EBFB}</UniqueIdentifier>
      <Extensions>h;hh;hpp;hxx;hm;inl;inc;xsd</Extensions>
    </Filter>
    <Filter Include="Resource Files">
      <UniqueIdentifier>{67DA6AB6-F800-4c08-8B7A-83BB121AAD01}</UniqueIdentifier>
      <Extensions>rc;ico;cur;bmp;dlg;rc2;rct;bin;rgs;gif;jpg;jpeg;jpe;resx;tiff;tif;png;wav;mfcribbon-ms</Extensions>
    </Filter>
  </ItemGroup>
  <ItemGroup>
    <ClCompile Include="InitShader.cpp">
      <Filter>Source Files</Filter>
    </ClCompile>
    <ClCompile Include="LoadMesh.cpp">
      <Filter>Source Files</Filter>
    </ClCompile>
    <ClCompile Include="LoadTexture.cpp">
      <Filter>Source Files</Filter>
    </ClCompile>
    <ClCompile Include="Bodygraphe.cpp">
      <Filter>Source Files</Filter>
    </ClCompile>
    <ClCompile Include="file_io.cpp">
      <Filter>Source Files</Filter>
    </ClCompile>
    <ClCompile Include="Main.cpp">
      <Filter>Source Files</Filter>
    </ClCompile>
    <ClCompile Include="ScreenGrabber.cpp">
      <Filter>Source Files</Filter>
    </ClCompile>
    <ClCompile Include="imgui_impl_glut.cpp">
      <Filter>Source Files</Filter>
    </ClCompile>
    <ClCompile Include="imgui_demo.cpp">
      <Filter>Source Files</Filter>
    </ClCompile>
    <ClCompile Include="imgui_draw.cpp">
      <Filter>Source Files</Filter>
    </ClCompile>
    <ClCompile Include="imgui.cpp">
      <Filter>Source Files</Filter>
    </ClCompile>
    <ClCompile Include="VideoMux.cpp">
      <Filter>Source Files</Filter>
    </ClCompile>
    <ClCompile Include="Board\board.cpp">
      <Filter>Source Files</Filter>
    </ClCompile>
    <ClCompile Include="Board\board_controller.cpp">
      <Filter>Source Files</Filter>
    </ClCompile>
    <ClCompile Include="Input\button.cpp">
      <Filter>Source Files</Filter>
    </ClCompile>
    <ClCompile Include="Input\input.cpp">
      <Filter>Source Files</Filter>
    </ClCompile>
    <ClCompile Include="Input\range.cpp">
      <Filter>Source Files</Filter>
    </ClCompile>
    <ClCompile Include="Input\toggle.cpp">
      <Filter>Source Files</Filter>
    </ClCompile>
    <ClCompile Include="RtMidi\rtmidi_c.cpp">
      <Filter>Source Files</Filter>
    </ClCompile>
    <ClCompile Include="nanoKONTROL2.cpp">
      <Filter>Source Files</Filter>
    </ClCompile>
    <ClCompile Include="RtMidi\RtMidi.cpp">
      <Filter>Source Files</Filter>
    </ClCompile>
    <ClCompile Include="KinectJointFilter.cpp">
      <Filter>Source Files</Filter>
    </ClCompile>
  </ItemGroup>
  <ItemGroup>
    <ClInclude Include="InitShader.h">
      <Filter>Source Files</Filter>
    </ClInclude>
    <ClInclude Include="LoadMesh.h">
      <Filter>Source Files</Filter>
    </ClInclude>
    <ClInclude Include="LoadTexture.h">
      <Filter>Source Files</Filter>
    </ClInclude>
    <ClInclude Include="Input\input.h">
      <Filter>Header Files</Filter>
    </ClInclude>
    <ClInclude Include="Bodygraphe.h">
      <Filter>Header Files</Filter>
    </ClInclude>
    <ClInclude Include="file_io.h">
      <Filter>Header Files</Filter>
    </ClInclude>
    <ClInclude Include="ScreenGrabber.h">
      <Filter>Header Files</Filter>
    </ClInclude>
    <ClInclude Include="imgui_impl_glut.h">
      <Filter>Header Files</Filter>
    </ClInclude>
    <ClInclude Include="imgui.h">
      <Filter>Header Files</Filter>
    </ClInclude>
    <ClInclude Include="VideoMux.h">
      <Filter>Header Files</Filter>
    </ClInclude>
    <ClInclude Include="Board\board.h">
      <Filter>Header Files</Filter>
    </ClInclude>
    <ClInclude Include="Board\board_controller.h">
      <Filter>Header Files</Filter>
    </ClInclude>
    <ClInclude Include="Input\button.h">
      <Filter>Header Files</Filter>
    </ClInclude>
    <ClInclude Include="Input\range.h">
      <Filter>Header Files</Filter>
    </ClInclude>
    <ClInclude Include="Input\toggle.h">
      <Filter>Header Files</Filter>
    </ClInclude>
    <ClInclude Include="RtMidi\rt_midi_compile_parameters.h">
      <Filter>Header Files</Filter>
    </ClInclude>
    <ClInclude Include="RtMidi\rtmidi_c.h">
      <Filter>Header Files</Filter>
    </ClInclude>
    <ClInclude Include="nanoKONTROL2.h">
      <Filter>Header Files</Filter>
    </ClInclude>
    <ClInclude Include="RtMidi\RtMidi.h">
      <Filter>Header Files</Filter>
    </ClInclude>
    <ClInclude Include="KinectJointFilter.h">
      <Filter>Header Files</Filter>
    </ClInclude>
  </ItemGroup>
  <ItemGroup>
    <None Include="backgrounds.ini" />
    <None Include="bkg_fs.glsl" />
    <None Include="bkg_vs.glsl" />
    <None Include="patch_fs.glsl" />
    <None Include="patch_gs.glsl" />
    <None Include="patch_tc.glsl" />
    <None Include="patch_te.glsl" />
    <None Include="patch_vs.glsl" />
    <None Include="patch0_fs.glsl" />
    <None Include="patch0_gs.glsl" />
    <None Include="patch0_tc.glsl" />
    <None Include="patch0_te.glsl" />
    <None Include="patch0_vs.glsl" />
    <None Include="settings.ini" />
    <None Include="skel_fs.glsl" />
    <None Include="skel_vs.glsl" />
  </ItemGroup>
  <ItemGroup>
    <Image Include="AmagoT.bmp">
      <Filter>Resource Files</Filter>
    </Image>
    <Image Include="background.png">
      <Filter>Resource Files</Filter>
    </Image>
    <Image Include="grad.png">
      <Filter>Resource Files</Filter>
    </Image>
    <Image Include="img100.jpg">
      <Filter>Resource Files</Filter>
    </Image>
    <Image Include="texture.png">
      <Filter>Resource Files</Filter>
    </Image>
  </ItemGroup>
</Project>